
Microsoft Visual Studio Solution File, Format Version 12.00
# Visual Studio Version 17
VisualStudioVersion = 17.2.32602.215
MinimumVisualStudioVersion = 10.0.40219.1
Project("{FAE04EC0-301F-11D3-BF4B-00C04F79EFBC}") = "1-FactoryMethod", "FactoryMethod\1-FactoryMethod.csproj", "{89EE578D-325D-48EF-BEC2-9BCE116AD1AB}"
EndProject
Project("{FAE04EC0-301F-11D3-BF4B-00C04F79EFBC}") = "2-AbstractFactory", "AbstractFactory\2-AbstractFactory.csproj", "{6669593A-2E69-4774-A48E-D80BA7097BA8}"
EndProject
Global
	GlobalSection(SolutionConfigurationPlatforms) = preSolution
		Debug|Any CPU = Debug|Any CPU
		Release|Any CPU = Release|Any CPU
	EndGlobalSection
	GlobalSection(ProjectConfigurationPlatforms) = postSolution
		{89EE578D-325D-48EF-BEC2-9BCE116AD1AB}.Debug|Any CPU.ActiveCfg = Debug|Any CPU
		{89EE578D-325D-48EF-BEC2-9BCE116AD1AB}.Debug|Any CPU.Build.0 = Debug|Any CPU
		{89EE578D-325D-48EF-BEC2-9BCE116AD1AB}.Release|Any CPU.ActiveCfg = Release|Any CPU
		{89EE578D-325D-48EF-BEC2-9BCE116AD1AB}.Release|Any CPU.Build.0 = Release|Any CPU
		{6669593A-2E69-4774-A48E-D80BA7097BA8}.Debug|Any CPU.ActiveCfg = Debug|Any CPU
		{6669593A-2E69-4774-A48E-D80BA7097BA8}.Debug|Any CPU.Build.0 = Debug|Any CPU
		{6669593A-2E69-4774-A48E-D80BA7097BA8}.Release|Any CPU.ActiveCfg = Release|Any CPU
		{6669593A-2E69-4774-A48E-D80BA7097BA8}.Release|Any CPU.Build.0 = Release|Any CPU
	EndGlobalSection
	GlobalSection(SolutionProperties) = preSolution
		HideSolutionNode = FALSE
	EndGlobalSection
	GlobalSection(ExtensibilityGlobals) = postSolution
		SolutionGuid = {2FB395C4-BD41-47F3-B993-3F0D70F30DCE}
	EndGlobalSection
EndGlobal
